<Solution>
  <Folder Name="/src/">
    <Project Path="src/PingRunner.App/PingRunner.App.csproj" />
    <Project Path="src/PingRunner.Cli/PingRunner.Cli.csproj" />
    <Project Path="src/PingRunner.Core/PingRunner.Core.csproj" />
  </Folder>
  <Folder Name="/tests/">
    <Project Path="tests/PingRunner.Core.Tests/PingRunner.Core.Tests.csproj" />
  </Folder>
</Solution>
